
Microsoft Visual Studio Solution File, Format Version 12.00
# Visual Studio 15
VisualStudioVersion = 15.0.26124.0
MinimumVisualStudioVersion = 15.0.26124.0
Project("{FAE04EC0-301F-11D3-BF4B-00C04F79EFBC}") = "API", "API\API.csproj", "{09E4D5DC-BAA8-4C82-A487-CBB1E9DE6B84}"
EndProject
Project("{FAE04EC0-301F-11D3-BF4B-00C04F79EFBC}") = "Core", "Core\Core.csproj", "{EEF8B61E-1709-4A70-B9F6-EC368859F976}"
EndProject
Project("{FAE04EC0-301F-11D3-BF4B-00C04F79EFBC}") = "Infrastructure", "Infrastructure\Infrastructure.csproj", "{76C17B14-211D-4454-A25B-6B3E7E7AD73F}"
EndProject
Global
	GlobalSection(SolutionConfigurationPlatforms) = preSolution
		Debug|Any CPU = Debug|Any CPU
		Debug|x64 = Debug|x64
		Debug|x86 = Debug|x86
		Release|Any CPU = Release|Any CPU
		Release|x64 = Release|x64
		Release|x86 = Release|x86
	EndGlobalSection
	GlobalSection(SolutionProperties) = preSolution
		HideSolutionNode = FALSE
	EndGlobalSection
	GlobalSection(ProjectConfigurationPlatforms) = postSolution
		{09E4D5DC-BAA8-4C82-A487-CBB1E9DE6B84}.Debug|Any CPU.ActiveCfg = Debug|Any CPU
		{09E4D5DC-BAA8-4C82-A487-CBB1E9DE6B84}.Debug|Any CPU.Build.0 = Debug|Any CPU
		{09E4D5DC-BAA8-4C82-A487-CBB1E9DE6B84}.Debug|x64.ActiveCfg = Debug|Any CPU
		{09E4D5DC-BAA8-4C82-A487-CBB1E9DE6B84}.Debug|x64.Build.0 = Debug|Any CPU
		{09E4D5DC-BAA8-4C82-A487-CBB1E9DE6B84}.Debug|x86.ActiveCfg = Debug|Any CPU
		{09E4D5DC-BAA8-4C82-A487-CBB1E9DE6B84}.Debug|x86.Build.0 = Debug|Any CPU
		{09E4D5DC-BAA8-4C82-A487-CBB1E9DE6B84}.Release|Any CPU.ActiveCfg = Release|Any CPU
		{09E4D5DC-BAA8-4C82-A487-CBB1E9DE6B84}.Release|Any CPU.Build.0 = Release|Any CPU
		{09E4D5DC-BAA8-4C82-A487-CBB1E9DE6B84}.Release|x64.ActiveCfg = Release|Any CPU
		{09E4D5DC-BAA8-4C82-A487-CBB1E9DE6B84}.Release|x64.Build.0 = Release|Any CPU
		{09E4D5DC-BAA8-4C82-A487-CBB1E9DE6B84}.Release|x86.ActiveCfg = Release|Any CPU
		{09E4D5DC-BAA8-4C82-A487-CBB1E9DE6B84}.Release|x86.Build.0 = Release|Any CPU
		{EEF8B61E-1709-4A70-B9F6-EC368859F976}.Debug|Any CPU.ActiveCfg = Debug|Any CPU
		{EEF8B61E-1709-4A70-B9F6-EC368859F976}.Debug|Any CPU.Build.0 = Debug|Any CPU
		{EEF8B61E-1709-4A70-B9F6-EC368859F976}.Debug|x64.ActiveCfg = Debug|Any CPU
		{EEF8B61E-1709-4A70-B9F6-EC368859F976}.Debug|x64.Build.0 = Debug|Any CPU
		{EEF8B61E-1709-4A70-B9F6-EC368859F976}.Debug|x86.ActiveCfg = Debug|Any CPU
		{EEF8B61E-1709-4A70-B9F6-EC368859F976}.Debug|x86.Build.0 = Debug|Any CPU
		{EEF8B61E-1709-4A70-B9F6-EC368859F976}.Release|Any CPU.ActiveCfg = Release|Any CPU
		{EEF8B61E-1709-4A70-B9F6-EC368859F976}.Release|Any CPU.Build.0 = Release|Any CPU
		{EEF8B61E-1709-4A70-B9F6-EC368859F976}.Release|x64.ActiveCfg = Release|Any CPU
		{EEF8B61E-1709-4A70-B9F6-EC368859F976}.Release|x64.Build.0 = Release|Any CPU
		{EEF8B61E-1709-4A70-B9F6-EC368859F976}.Release|x86.ActiveCfg = Release|Any CPU
		{EEF8B61E-1709-4A70-B9F6-EC368859F976}.Release|x86.Build.0 = Release|Any CPU
		{76C17B14-211D-4454-A25B-6B3E7E7AD73F}.Debug|Any CPU.ActiveCfg = Debug|Any CPU
		{76C17B14-211D-4454-A25B-6B3E7E7AD73F}.Debug|Any CPU.Build.0 = Debug|Any CPU
		{76C17B14-211D-4454-A25B-6B3E7E7AD73F}.Debug|x64.ActiveCfg = Debug|Any CPU
		{76C17B14-211D-4454-A25B-6B3E7E7AD73F}.Debug|x64.Build.0 = Debug|Any CPU
		{76C17B14-211D-4454-A25B-6B3E7E7AD73F}.Debug|x86.ActiveCfg = Debug|Any CPU
		{76C17B14-211D-4454-A25B-6B3E7E7AD73F}.Debug|x86.Build.0 = Debug|Any CPU
		{76C17B14-211D-4454-A25B-6B3E7E7AD73F}.Release|Any CPU.ActiveCfg = Release|Any CPU
		{76C17B14-211D-4454-A25B-6B3E7E7AD73F}.Release|Any CPU.Build.0 = Release|Any CPU
		{76C17B14-211D-4454-A25B-6B3E7E7AD73F}.Release|x64.ActiveCfg = Release|Any CPU
		{76C17B14-211D-4454-A25B-6B3E7E7AD73F}.Release|x64.Build.0 = Release|Any CPU
		{76C17B14-211D-4454-A25B-6B3E7E7AD73F}.Release|x86.ActiveCfg = Release|Any CPU
		{76C17B14-211D-4454-A25B-6B3E7E7AD73F}.Release|x86.Build.0 = Release|Any CPU
	EndGlobalSection
EndGlobal
